
Microsoft Visual Studio Solution File, Format Version 12.00
# Visual Studio 15
VisualStudioVersion = 15.0.28010.2048
MinimumVisualStudioVersion = 10.0.40219.1
Project("{9A19103F-16F7-4668-BE54-9A1E7A4F7556}") = "AngleSharp.Core", "AngleSharp\AngleSharp.Core.csproj", "{91F78C48-287E-41B5-9E49-44D6E1E31290}"
EndProject
Project("{9A19103F-16F7-4668-BE54-9A1E7A4F7556}") = "AngleSharp.Performance.Common", "AngleSharp.Performance.Common\AngleSharp.Performance.Common.csproj", "{CB9D1E29-D529-4525-B139-2A25115BCA96}"
EndProject
Project("{9A19103F-16F7-4668-BE54-9A1E7A4F7556}") = "AngleSharp.Performance.Html", "AngleSharp.Performance.Html\AngleSharp.Performance.Html.csproj", "{5F4173C4-55EE-4C28-BE96-B71C6AACC9EE}"
EndProject
Project("{9A19103F-16F7-4668-BE54-9A1E7A4F7556}") = "AngleSharp.Performance.Selector", "AngleSharp.Performance.Selector\AngleSharp.Performance.Selector.csproj", "{B35FC486-0C5B-4A71-9AA4-E1D53680486C}"
EndProject
Project("{9A19103F-16F7-4668-BE54-9A1E7A4F7556}") = "AngleSharp.Performance.Utilities", "AngleSharp.Performance.Utilities\AngleSharp.Performance.Utilities.csproj", "{1FF31B98-B7D2-4694-A430-09DD112BBE33}"
EndProject
Project("{2150E333-8FDC-42A3-9474-1A3956D46DE8}") = "Solution Items", "Solution Items", "{988B2C40-782B-4128-9551-7AE65B60F903}"
	ProjectSection(SolutionItems) = preProject
		AngleSharp.nuspec = AngleSharp.nuspec
		..\build.cake = ..\build.cake
		Directory.Build.props = Directory.Build.props
	EndProjectSection
EndProject
Project("{FAE04EC0-301F-11D3-BF4B-00C04F79EFBC}") = "AngleSharp.Core.Tests", "AngleSharp.Core.Tests\AngleSharp.Core.Tests.csproj", "{C3074D7E-CA6C-4F2C-813D-BD97462DC3EB}"
EndProject
Global
	GlobalSection(SolutionConfigurationPlatforms) = preSolution
		Debug|Any CPU = Debug|Any CPU
		Release|Any CPU = Release|Any CPU
	EndGlobalSection
	GlobalSection(ProjectConfigurationPlatforms) = postSolution
		{91F78C48-287E-41B5-9E49-44D6E1E31290}.Debug|Any CPU.ActiveCfg = Debug|Any CPU
		{91F78C48-287E-41B5-9E49-44D6E1E31290}.Debug|Any CPU.Build.0 = Debug|Any CPU
		{91F78C48-287E-41B5-9E49-44D6E1E31290}.Release|Any CPU.ActiveCfg = Release|Any CPU
		{91F78C48-287E-41B5-9E49-44D6E1E31290}.Release|Any CPU.Build.0 = Release|Any CPU
		{CB9D1E29-D529-4525-B139-2A25115BCA96}.Debug|Any CPU.ActiveCfg = Debug|Any CPU
		{CB9D1E29-D529-4525-B139-2A25115BCA96}.Debug|Any CPU.Build.0 = Debug|Any CPU
		{CB9D1E29-D529-4525-B139-2A25115BCA96}.Release|Any CPU.ActiveCfg = Release|Any CPU
		{CB9D1E29-D529-4525-B139-2A25115BCA96}.Release|Any CPU.Build.0 = Release|Any CPU
		{5F4173C4-55EE-4C28-BE96-B71C6AACC9EE}.Debug|Any CPU.ActiveCfg = Debug|Any CPU
		{5F4173C4-55EE-4C28-BE96-B71C6AACC9EE}.Debug|Any CPU.Build.0 = Debug|Any CPU
		{5F4173C4-55EE-4C28-BE96-B71C6AACC9EE}.Release|Any CPU.ActiveCfg = Release|Any CPU
		{5F4173C4-55EE-4C28-BE96-B71C6AACC9EE}.Release|Any CPU.Build.0 = Release|Any CPU
		{B35FC486-0C5B-4A71-9AA4-E1D53680486C}.Debug|Any CPU.ActiveCfg = Debug|Any CPU
		{B35FC486-0C5B-4A71-9AA4-E1D53680486C}.Debug|Any CPU.Build.0 = Debug|Any CPU
		{B35FC486-0C5B-4A71-9AA4-E1D53680486C}.Release|Any CPU.ActiveCfg = Release|Any CPU
		{B35FC486-0C5B-4A71-9AA4-E1D53680486C}.Release|Any CPU.Build.0 = Release|Any CPU
		{1FF31B98-B7D2-4694-A430-09DD112BBE33}.Debug|Any CPU.ActiveCfg = Debug|Any CPU
		{1FF31B98-B7D2-4694-A430-09DD112BBE33}.Debug|Any CPU.Build.0 = Debug|Any CPU
		{1FF31B98-B7D2-4694-A430-09DD112BBE33}.Release|Any CPU.ActiveCfg = Release|Any CPU
		{1FF31B98-B7D2-4694-A430-09DD112BBE33}.Release|Any CPU.Build.0 = Release|Any CPU
		{C3074D7E-CA6C-4F2C-813D-BD97462DC3EB}.Debug|Any CPU.ActiveCfg = Debug|Any CPU
		{C3074D7E-CA6C-4F2C-813D-BD97462DC3EB}.Debug|Any CPU.Build.0 = Debug|Any CPU
		{C3074D7E-CA6C-4F2C-813D-BD97462DC3EB}.Release|Any CPU.ActiveCfg = Release|Any CPU
		{C3074D7E-CA6C-4F2C-813D-BD97462DC3EB}.Release|Any CPU.Build.0 = Release|Any CPU
	EndGlobalSection
	GlobalSection(SolutionProperties) = preSolution
		HideSolutionNode = FALSE
	EndGlobalSection
	GlobalSection(ExtensibilityGlobals) = postSolution
		SolutionGuid = {DE472611-2B15-4342-8B56-1046326B1807}
	EndGlobalSection
EndGlobal
